
Microsoft Visual Studio Solution File, Format Version 12.00
# Visual Studio Version 16
VisualStudioVersion = 16.0.30804.86
MinimumVisualStudioVersion = 10.0.40219.1
Project("{2150E333-8FDC-42A3-9474-1A3956D46DE8}") = "Core Exercises", "Core Exercises", "{1BCAD328-08B3-44B2-8C63-74CFEFA9985D}"
EndProject
Project("{9A19103F-16F7-4668-BE54-9A1E7A4F7556}") = "Gigasecond", "csharp\Core Exercises\gigasecond\Gigasecond.csproj", "{C63821C6-AE98-4004-85B0-06B39A27980B}"
EndProject
Project("{9A19103F-16F7-4668-BE54-9A1E7A4F7556}") = "HelloWorld", "csharp\Core Exercises\hello-world\HelloWorld.csproj", "{05ECABE1-AA9C-494A-A46C-8C9281EC8102}"
EndProject
Project("{9A19103F-16F7-4668-BE54-9A1E7A4F7556}") = "Leap", "csharp\Core Exercises\leap\Leap.csproj", "{B360D5D5-00EA-460F-8E12-A10423E4FC4A}"
EndProject
Project("{9A19103F-16F7-4668-BE54-9A1E7A4F7556}") = "TwoFer", "csharp\Core Exercises\two-fer\TwoFer.csproj", "{A6FEE7AD-4A0C-48DA-BBA7-E9571C6E14F2}"
EndProject
Project("{2150E333-8FDC-42A3-9474-1A3956D46DE8}") = "Easy Exercises", "Easy Exercises", "{7A129711-0E84-44FF-AA57-FAB07DAF24B5}"
EndProject
Project("{9A19103F-16F7-4668-BE54-9A1E7A4F7556}") = "CollatzConjecture", "csharp\Easy\collatz-conjecture\CollatzConjecture.csproj", "{753E05E9-A9D1-4813-940A-62F186270E46}"
EndProject
Project("{9A19103F-16F7-4668-BE54-9A1E7A4F7556}") = "Grains", "csharp\Easy\grains\Grains.csproj", "{597CA513-2175-4FB7-946C-F759EDB88F9F}"
EndProject
Project("{9A19103F-16F7-4668-BE54-9A1E7A4F7556}") = "Isogram", "csharp\Easy\isogram\Isogram.csproj", "{3B7EAED0-1500-46EA-A34F-0CCDC45AB911}"
EndProject
Project("{9A19103F-16F7-4668-BE54-9A1E7A4F7556}") = "Pangram", "csharp\Easy\pangram\Pangram.csproj", "{9DA9C5AD-EF08-40E5-ADF2-BD310A5EB875}"
EndProject
Project("{9A19103F-16F7-4668-BE54-9A1E7A4F7556}") = "PerfectNumbers", "csharp\Easy\perfect-numbers\PerfectNumbers.csproj", "{BBF9C371-03AE-40B7-A203-6708C12A5128}"
EndProject
Project("{9A19103F-16F7-4668-BE54-9A1E7A4F7556}") = "PhoneNumber", "csharp\Easy\phone-number\PhoneNumber.csproj", "{AC530BD1-497E-4FC4-AFDF-EEFA1636C5E0}"
EndProject
Project("{2150E333-8FDC-42A3-9474-1A3956D46DE8}") = "Medium Exercises", "Medium Exercises", "{B84C77D4-A440-4644-A14B-90ED38F8E3AE}"
EndProject
Project("{9A19103F-16F7-4668-BE54-9A1E7A4F7556}") = "Acronym", "csharp\Medium\acronym\Acronym.csproj", "{C43CBE30-A33D-4C70-90C1-0DE791D682BC}"
EndProject
Project("{9A19103F-16F7-4668-BE54-9A1E7A4F7556}") = "ScrabbleScore", "csharp\Easy\scrabble-score\ScrabbleScore.csproj", "{FFB4F62C-6982-4AC4-8C18-3925995AFC4B}"
EndProject
Project("{9A19103F-16F7-4668-BE54-9A1E7A4F7556}") = "Meetup", "csharp\Medium\meetup\Meetup.csproj", "{FDC20A56-0C28-4C37-879C-C5A3EAE2DB93}"
EndProject
Project("{9A19103F-16F7-4668-BE54-9A1E7A4F7556}") = "ResistorColor", "csharp\Core Exercises\resistor-color\ResistorColor.csproj", "{32E0D94B-5C4D-44EE-B724-6F16217105BE}"
EndProject
Project("{9A19103F-16F7-4668-BE54-9A1E7A4F7556}") = "SumOfMultiples", "csharp\Easy\sum-of-multiples\SumOfMultiples.csproj", "{3B3B7FF3-EEBB-4F34-A7E1-DE009528EB08}"
EndProject
Global
	GlobalSection(SolutionConfigurationPlatforms) = preSolution
		Debug|Any CPU = Debug|Any CPU
		Release|Any CPU = Release|Any CPU
	EndGlobalSection
	GlobalSection(ProjectConfigurationPlatforms) = postSolution
		{C63821C6-AE98-4004-85B0-06B39A27980B}.Debug|Any CPU.ActiveCfg = Debug|Any CPU
		{C63821C6-AE98-4004-85B0-06B39A27980B}.Debug|Any CPU.Build.0 = Debug|Any CPU
		{C63821C6-AE98-4004-85B0-06B39A27980B}.Release|Any CPU.ActiveCfg = Release|Any CPU
		{C63821C6-AE98-4004-85B0-06B39A27980B}.Release|Any CPU.Build.0 = Release|Any CPU
		{05ECABE1-AA9C-494A-A46C-8C9281EC8102}.Debug|Any CPU.ActiveCfg = Debug|Any CPU
		{05ECABE1-AA9C-494A-A46C-8C9281EC8102}.Debug|Any CPU.Build.0 = Debug|Any CPU
		{05ECABE1-AA9C-494A-A46C-8C9281EC8102}.Release|Any CPU.ActiveCfg = Release|Any CPU
		{05ECABE1-AA9C-494A-A46C-8C9281EC8102}.Release|Any CPU.Build.0 = Release|Any CPU
		{B360D5D5-00EA-460F-8E12-A10423E4FC4A}.Debug|Any CPU.ActiveCfg = Debug|Any CPU
		{B360D5D5-00EA-460F-8E12-A10423E4FC4A}.Debug|Any CPU.Build.0 = Debug|Any CPU
		{B360D5D5-00EA-460F-8E12-A10423E4FC4A}.Release|Any CPU.ActiveCfg = Release|Any CPU
		{B360D5D5-00EA-460F-8E12-A10423E4FC4A}.Release|Any CPU.Build.0 = Release|Any CPU
		{A6FEE7AD-4A0C-48DA-BBA7-E9571C6E14F2}.Debug|Any CPU.ActiveCfg = Debug|Any CPU
		{A6FEE7AD-4A0C-48DA-BBA7-E9571C6E14F2}.Debug|Any CPU.Build.0 = Debug|Any CPU
		{A6FEE7AD-4A0C-48DA-BBA7-E9571C6E14F2}.Release|Any CPU.ActiveCfg = Release|Any CPU
		{A6FEE7AD-4A0C-48DA-BBA7-E9571C6E14F2}.Release|Any CPU.Build.0 = Release|Any CPU
		{753E05E9-A9D1-4813-940A-62F186270E46}.Debug|Any CPU.ActiveCfg = Debug|Any CPU
		{753E05E9-A9D1-4813-940A-62F186270E46}.Debug|Any CPU.Build.0 = Debug|Any CPU
		{753E05E9-A9D1-4813-940A-62F186270E46}.Release|Any CPU.ActiveCfg = Release|Any CPU
		{753E05E9-A9D1-4813-940A-62F186270E46}.Release|Any CPU.Build.0 = Release|Any CPU
		{597CA513-2175-4FB7-946C-F759EDB88F9F}.Debug|Any CPU.ActiveCfg = Debug|Any CPU
		{597CA513-2175-4FB7-946C-F759EDB88F9F}.Debug|Any CPU.Build.0 = Debug|Any CPU
		{597CA513-2175-4FB7-946C-F759EDB88F9F}.Release|Any CPU.ActiveCfg = Release|Any CPU
		{597CA513-2175-4FB7-946C-F759EDB88F9F}.Release|Any CPU.Build.0 = Release|Any CPU
		{3B7EAED0-1500-46EA-A34F-0CCDC45AB911}.Debug|Any CPU.ActiveCfg = Debug|Any CPU
		{3B7EAED0-1500-46EA-A34F-0CCDC45AB911}.Debug|Any CPU.Build.0 = Debug|Any CPU
		{3B7EAED0-1500-46EA-A34F-0CCDC45AB911}.Release|Any CPU.ActiveCfg = Release|Any CPU
		{3B7EAED0-1500-46EA-A34F-0CCDC45AB911}.Release|Any CPU.Build.0 = Release|Any CPU
		{9DA9C5AD-EF08-40E5-ADF2-BD310A5EB875}.Debug|Any CPU.ActiveCfg = Debug|Any CPU
		{9DA9C5AD-EF08-40E5-ADF2-BD310A5EB875}.Debug|Any CPU.Build.0 = Debug|Any CPU
		{9DA9C5AD-EF08-40E5-ADF2-BD310A5EB875}.Release|Any CPU.ActiveCfg = Release|Any CPU
		{9DA9C5AD-EF08-40E5-ADF2-BD310A5EB875}.Release|Any CPU.Build.0 = Release|Any CPU
		{BBF9C371-03AE-40B7-A203-6708C12A5128}.Debug|Any CPU.ActiveCfg = Debug|Any CPU
		{BBF9C371-03AE-40B7-A203-6708C12A5128}.Debug|Any CPU.Build.0 = Debug|Any CPU
		{BBF9C371-03AE-40B7-A203-6708C12A5128}.Release|Any CPU.ActiveCfg = Release|Any CPU
		{BBF9C371-03AE-40B7-A203-6708C12A5128}.Release|Any CPU.Build.0 = Release|Any CPU
		{AC530BD1-497E-4FC4-AFDF-EEFA1636C5E0}.Debug|Any CPU.ActiveCfg = Debug|Any CPU
		{AC530BD1-497E-4FC4-AFDF-EEFA1636C5E0}.Debug|Any CPU.Build.0 = Debug|Any CPU
		{AC530BD1-497E-4FC4-AFDF-EEFA1636C5E0}.Release|Any CPU.ActiveCfg = Release|Any CPU
		{AC530BD1-497E-4FC4-AFDF-EEFA1636C5E0}.Release|Any CPU.Build.0 = Release|Any CPU
		{C43CBE30-A33D-4C70-90C1-0DE791D682BC}.Debug|Any CPU.ActiveCfg = Debug|Any CPU
		{C43CBE30-A33D-4C70-90C1-0DE791D682BC}.Debug|Any CPU.Build.0 = Debug|Any CPU
		{C43CBE30-A33D-4C70-90C1-0DE791D682BC}.Release|Any CPU.ActiveCfg = Release|Any CPU
		{C43CBE30-A33D-4C70-90C1-0DE791D682BC}.Release|Any CPU.Build.0 = Release|Any CPU
		{FFB4F62C-6982-4AC4-8C18-3925995AFC4B}.Debug|Any CPU.ActiveCfg = Debug|Any CPU
		{FFB4F62C-6982-4AC4-8C18-3925995AFC4B}.Debug|Any CPU.Build.0 = Debug|Any CPU
		{FFB4F62C-6982-4AC4-8C18-3925995AFC4B}.Release|Any CPU.ActiveCfg = Release|Any CPU
		{FFB4F62C-6982-4AC4-8C18-3925995AFC4B}.Release|Any CPU.Build.0 = Release|Any CPU
		{FDC20A56-0C28-4C37-879C-C5A3EAE2DB93}.Debug|Any CPU.ActiveCfg = Debug|Any CPU
		{FDC20A56-0C28-4C37-879C-C5A3EAE2DB93}.Debug|Any CPU.Build.0 = Debug|Any CPU
		{FDC20A56-0C28-4C37-879C-C5A3EAE2DB93}.Release|Any CPU.ActiveCfg = Release|Any CPU
		{FDC20A56-0C28-4C37-879C-C5A3EAE2DB93}.Release|Any CPU.Build.0 = Release|Any CPU
		{32E0D94B-5C4D-44EE-B724-6F16217105BE}.Debug|Any CPU.ActiveCfg = Debug|Any CPU
		{32E0D94B-5C4D-44EE-B724-6F16217105BE}.Debug|Any CPU.Build.0 = Debug|Any CPU
		{32E0D94B-5C4D-44EE-B724-6F16217105BE}.Release|Any CPU.ActiveCfg = Release|Any CPU
		{32E0D94B-5C4D-44EE-B724-6F16217105BE}.Release|Any CPU.Build.0 = Release|Any CPU
		{3B3B7FF3-EEBB-4F34-A7E1-DE009528EB08}.Debug|Any CPU.ActiveCfg = Debug|Any CPU
		{3B3B7FF3-EEBB-4F34-A7E1-DE009528EB08}.Debug|Any CPU.Build.0 = Debug|Any CPU
		{3B3B7FF3-EEBB-4F34-A7E1-DE009528EB08}.Release|Any CPU.ActiveCfg = Release|Any CPU
		{3B3B7FF3-EEBB-4F34-A7E1-DE009528EB08}.Release|Any CPU.Build.0 = Release|Any CPU
	EndGlobalSection
	GlobalSection(SolutionProperties) = preSolution
		HideSolutionNode = FALSE
	EndGlobalSection
	GlobalSection(NestedProjects) = preSolution
		{C63821C6-AE98-4004-85B0-06B39A27980B} = {1BCAD328-08B3-44B2-8C63-74CFEFA9985D}
		{05ECABE1-AA9C-494A-A46C-8C9281EC8102} = {1BCAD328-08B3-44B2-8C63-74CFEFA9985D}
		{B360D5D5-00EA-460F-8E12-A10423E4FC4A} = {1BCAD328-08B3-44B2-8C63-74CFEFA9985D}
		{A6FEE7AD-4A0C-48DA-BBA7-E9571C6E14F2} = {1BCAD328-08B3-44B2-8C63-74CFEFA9985D}
		{753E05E9-A9D1-4813-940A-62F186270E46} = {7A129711-0E84-44FF-AA57-FAB07DAF24B5}
		{597CA513-2175-4FB7-946C-F759EDB88F9F} = {7A129711-0E84-44FF-AA57-FAB07DAF24B5}
		{3B7EAED0-1500-46EA-A34F-0CCDC45AB911} = {7A129711-0E84-44FF-AA57-FAB07DAF24B5}
		{9DA9C5AD-EF08-40E5-ADF2-BD310A5EB875} = {7A129711-0E84-44FF-AA57-FAB07DAF24B5}
		{BBF9C371-03AE-40B7-A203-6708C12A5128} = {7A129711-0E84-44FF-AA57-FAB07DAF24B5}
		{AC530BD1-497E-4FC4-AFDF-EEFA1636C5E0} = {7A129711-0E84-44FF-AA57-FAB07DAF24B5}
		{C43CBE30-A33D-4C70-90C1-0DE791D682BC} = {B84C77D4-A440-4644-A14B-90ED38F8E3AE}
		{FFB4F62C-6982-4AC4-8C18-3925995AFC4B} = {7A129711-0E84-44FF-AA57-FAB07DAF24B5}
		{FDC20A56-0C28-4C37-879C-C5A3EAE2DB93} = {B84C77D4-A440-4644-A14B-90ED38F8E3AE}
		{32E0D94B-5C4D-44EE-B724-6F16217105BE} = {1BCAD328-08B3-44B2-8C63-74CFEFA9985D}
		{3B3B7FF3-EEBB-4F34-A7E1-DE009528EB08} = {7A129711-0E84-44FF-AA57-FAB07DAF24B5}
	EndGlobalSection
	GlobalSection(ExtensibilityGlobals) = postSolution
		SolutionGuid = {2867CB6D-9369-4ED6-ADB5-4693BFAEE53F}
	EndGlobalSection
EndGlobal
