
Microsoft Visual Studio Solution File, Format Version 12.00
# Visual Studio Version 16
VisualStudioVersion = 16.0.30804.86
MinimumVisualStudioVersion = 10.0.40219.1
Project("{9A19103F-16F7-4668-BE54-9A1E7A4F7556}") = "HelloWorld", "csharp\hello-world\HelloWorld.csproj", "{77448662-D33C-45D9-82B5-35E7E8483726}"
EndProject
Project("{9A19103F-16F7-4668-BE54-9A1E7A4F7556}") = "Pangram", "csharp\pangram\Pangram.csproj", "{EBD0D908-38CC-4EE7-AF95-41F77221B5B0}"
EndProject
Project("{9A19103F-16F7-4668-BE54-9A1E7A4F7556}") = "TwoFer", "csharp\two-fer\TwoFer.csproj", "{F341DC56-FE8B-4CE0-B1DF-92053F0134A6}"
EndProject
Project("{9A19103F-16F7-4668-BE54-9A1E7A4F7556}") = "Isogram", "csharp\isogram\Isogram.csproj", "{F57E38AD-5435-4F65-81F3-0A4CA0EC9725}"
EndProject
Project("{9A19103F-16F7-4668-BE54-9A1E7A4F7556}") = "Acronym", "csharp\acronym\Acronym.csproj", "{B2766985-1B87-4793-9B98-5DD09133AA49}"
EndProject
Project("{9A19103F-16F7-4668-BE54-9A1E7A4F7556}") = "Leap", "csharp\leap\Leap.csproj", "{03EA2E2F-8A6D-493B-AB49-4D0CCDDBF083}"
EndProject
Project("{9A19103F-16F7-4668-BE54-9A1E7A4F7556}") = "Grains", "csharp\grains\Grains.csproj", "{1D1C8F2B-04FA-42F4-B4A5-A7E3DA1DA811}"
EndProject
Project("{9A19103F-16F7-4668-BE54-9A1E7A4F7556}") = "PerfectNumbers", "csharp\perfect-numbers\PerfectNumbers.csproj", "{3C76E665-E2DB-4586-B255-349B3B6D4AED}"
EndProject
Project("{9A19103F-16F7-4668-BE54-9A1E7A4F7556}") = "Gigasecond", "csharp\gigasecond\Gigasecond.csproj", "{CC0FDA06-6053-4F85-8C0E-36DE371E5A5C}"
EndProject
Project("{9A19103F-16F7-4668-BE54-9A1E7A4F7556}") = "CollatzConjecture", "csharp\collatz-conjecture\CollatzConjecture.csproj", "{1A487EE6-CD55-4364-865E-ED66F21D2B96}"
EndProject
Project("{9A19103F-16F7-4668-BE54-9A1E7A4F7556}") = "PhoneNumber", "csharp\phone-number\PhoneNumber.csproj", "{26BAE4C0-C529-4F57-B94C-698A69275C9F}"
EndProject
Global
	GlobalSection(SolutionConfigurationPlatforms) = preSolution
		Debug|Any CPU = Debug|Any CPU
		Release|Any CPU = Release|Any CPU
	EndGlobalSection
	GlobalSection(ProjectConfigurationPlatforms) = postSolution
		{77448662-D33C-45D9-82B5-35E7E8483726}.Debug|Any CPU.ActiveCfg = Debug|Any CPU
		{77448662-D33C-45D9-82B5-35E7E8483726}.Debug|Any CPU.Build.0 = Debug|Any CPU
		{77448662-D33C-45D9-82B5-35E7E8483726}.Release|Any CPU.ActiveCfg = Release|Any CPU
		{77448662-D33C-45D9-82B5-35E7E8483726}.Release|Any CPU.Build.0 = Release|Any CPU
		{EBD0D908-38CC-4EE7-AF95-41F77221B5B0}.Debug|Any CPU.ActiveCfg = Debug|Any CPU
		{EBD0D908-38CC-4EE7-AF95-41F77221B5B0}.Debug|Any CPU.Build.0 = Debug|Any CPU
		{EBD0D908-38CC-4EE7-AF95-41F77221B5B0}.Release|Any CPU.ActiveCfg = Release|Any CPU
		{EBD0D908-38CC-4EE7-AF95-41F77221B5B0}.Release|Any CPU.Build.0 = Release|Any CPU
		{F341DC56-FE8B-4CE0-B1DF-92053F0134A6}.Debug|Any CPU.ActiveCfg = Debug|Any CPU
		{F341DC56-FE8B-4CE0-B1DF-92053F0134A6}.Debug|Any CPU.Build.0 = Debug|Any CPU
		{F341DC56-FE8B-4CE0-B1DF-92053F0134A6}.Release|Any CPU.ActiveCfg = Release|Any CPU
		{F341DC56-FE8B-4CE0-B1DF-92053F0134A6}.Release|Any CPU.Build.0 = Release|Any CPU
		{F57E38AD-5435-4F65-81F3-0A4CA0EC9725}.Debug|Any CPU.ActiveCfg = Debug|Any CPU
		{F57E38AD-5435-4F65-81F3-0A4CA0EC9725}.Debug|Any CPU.Build.0 = Debug|Any CPU
		{F57E38AD-5435-4F65-81F3-0A4CA0EC9725}.Release|Any CPU.ActiveCfg = Release|Any CPU
		{F57E38AD-5435-4F65-81F3-0A4CA0EC9725}.Release|Any CPU.Build.0 = Release|Any CPU
		{B2766985-1B87-4793-9B98-5DD09133AA49}.Debug|Any CPU.ActiveCfg = Debug|Any CPU
		{B2766985-1B87-4793-9B98-5DD09133AA49}.Debug|Any CPU.Build.0 = Debug|Any CPU
		{B2766985-1B87-4793-9B98-5DD09133AA49}.Release|Any CPU.ActiveCfg = Release|Any CPU
		{B2766985-1B87-4793-9B98-5DD09133AA49}.Release|Any CPU.Build.0 = Release|Any CPU
		{03EA2E2F-8A6D-493B-AB49-4D0CCDDBF083}.Debug|Any CPU.ActiveCfg = Debug|Any CPU
		{03EA2E2F-8A6D-493B-AB49-4D0CCDDBF083}.Debug|Any CPU.Build.0 = Debug|Any CPU
		{03EA2E2F-8A6D-493B-AB49-4D0CCDDBF083}.Release|Any CPU.ActiveCfg = Release|Any CPU
		{03EA2E2F-8A6D-493B-AB49-4D0CCDDBF083}.Release|Any CPU.Build.0 = Release|Any CPU
		{1D1C8F2B-04FA-42F4-B4A5-A7E3DA1DA811}.Debug|Any CPU.ActiveCfg = Debug|Any CPU
		{1D1C8F2B-04FA-42F4-B4A5-A7E3DA1DA811}.Debug|Any CPU.Build.0 = Debug|Any CPU
		{1D1C8F2B-04FA-42F4-B4A5-A7E3DA1DA811}.Release|Any CPU.ActiveCfg = Release|Any CPU
		{1D1C8F2B-04FA-42F4-B4A5-A7E3DA1DA811}.Release|Any CPU.Build.0 = Release|Any CPU
		{3C76E665-E2DB-4586-B255-349B3B6D4AED}.Debug|Any CPU.ActiveCfg = Debug|Any CPU
		{3C76E665-E2DB-4586-B255-349B3B6D4AED}.Debug|Any CPU.Build.0 = Debug|Any CPU
		{3C76E665-E2DB-4586-B255-349B3B6D4AED}.Release|Any CPU.ActiveCfg = Release|Any CPU
		{3C76E665-E2DB-4586-B255-349B3B6D4AED}.Release|Any CPU.Build.0 = Release|Any CPU
		{CC0FDA06-6053-4F85-8C0E-36DE371E5A5C}.Debug|Any CPU.ActiveCfg = Debug|Any CPU
		{CC0FDA06-6053-4F85-8C0E-36DE371E5A5C}.Debug|Any CPU.Build.0 = Debug|Any CPU
		{CC0FDA06-6053-4F85-8C0E-36DE371E5A5C}.Release|Any CPU.ActiveCfg = Release|Any CPU
		{CC0FDA06-6053-4F85-8C0E-36DE371E5A5C}.Release|Any CPU.Build.0 = Release|Any CPU
		{1A487EE6-CD55-4364-865E-ED66F21D2B96}.Debug|Any CPU.ActiveCfg = Debug|Any CPU
		{1A487EE6-CD55-4364-865E-ED66F21D2B96}.Debug|Any CPU.Build.0 = Debug|Any CPU
		{1A487EE6-CD55-4364-865E-ED66F21D2B96}.Release|Any CPU.ActiveCfg = Release|Any CPU
		{1A487EE6-CD55-4364-865E-ED66F21D2B96}.Release|Any CPU.Build.0 = Release|Any CPU
		{26BAE4C0-C529-4F57-B94C-698A69275C9F}.Debug|Any CPU.ActiveCfg = Debug|Any CPU
		{26BAE4C0-C529-4F57-B94C-698A69275C9F}.Debug|Any CPU.Build.0 = Debug|Any CPU
		{26BAE4C0-C529-4F57-B94C-698A69275C9F}.Release|Any CPU.ActiveCfg = Release|Any CPU
		{26BAE4C0-C529-4F57-B94C-698A69275C9F}.Release|Any CPU.Build.0 = Release|Any CPU
	EndGlobalSection
	GlobalSection(SolutionProperties) = preSolution
		HideSolutionNode = FALSE
	EndGlobalSection
	GlobalSection(ExtensibilityGlobals) = postSolution
		SolutionGuid = {2867CB6D-9369-4ED6-ADB5-4693BFAEE53F}
	EndGlobalSection
EndGlobal
